<?xml version="1.0" encoding="utf-8"?>
<Project ToolsVersion="4.0" xmlns="http://schemas.microsoft.com/developer/msbuild/2003">
  <ItemGroup>
    <Filter Include="src">
      <UniqueIdentifier>{4FC737F1-C7A5-4376-A066-2A32D752A2FF}</UniqueIdentifier>
      <Extensions>cpp;c;cc;cxx;def;odl;idl;hpj;bat;asm;asmx</Extensions>
    </Filter>
    <Filter Include="include">
      <UniqueIdentifier>{93995380-89BD-4b04-88EB-625FBE52EBFB}</UniqueIdentifier>
      <Extensions>h;hpp;hxx;hm;inl;inc;xsd</Extensions>
    </Filter>
  </ItemGroup>
  <ItemGroup>
    <ClCompile Include="src\FbxModelLoader.cpp">
      <Filter>src</Filter>
    </ClCompile>
    <ClCompile Include="src\ScaenaModelWriter.cpp">
      <Filter>src</Filter>
    </ClCompile>
    <ClCompile Include="main.cpp" />
    <ClCompile Include="src\ImportUtilities.cpp">
      <Filter>src</Filter>
    </ClCompile>
    <ClCompile Include="src\ScaenaAnimationWriter.cpp">
      <Filter>src</Filter>
    </ClCompile>
    <ClCompile Include="src\GenerationProcessor.cpp">
      <Filter>src</Filter>
    </ClCompile>
  </ItemGroup>
  <ItemGroup>
    <ClInclude Include="include\ScaenaModelWriter.h">
      <Filter>include</Filter>
    </ClInclude>
    <ClInclude Include="include\FbxModelLoader.h">
      <Filter>include</Filter>
    </ClInclude>
    <ClInclude Include="include\ModelDataTransfer.h">
      <Filter>include</Filter>
    </ClInclude>
    <ClInclude Include="include\SkeletonDataTransfer.h">
      <Filter>include</Filter>
    </ClInclude>
    <ClInclude Include="include\MeshDataTransfer.h">
      <Filter>include</Filter>
    </ClInclude>
    <ClInclude Include="include\ControlPoint.h">
      <Filter>include</Filter>
    </ClInclude>
    <ClInclude Include="include\ControlPointSkinJointData.h">
      <Filter>include</Filter>
    </ClInclude>
    <ClInclude Include="include\ImportUtilities.h">
      <Filter>include</Filter>
    </ClInclude>
    <ClInclude Include="include\InformationDataTransfer.h">
      <Filter>include</Filter>
    </ClInclude>
    <ClInclude Include="include\ScaenaAnimationWriter.h">
      <Filter>include</Filter>
    </ClInclude>
    <ClInclude Include="include\AnimationDataTransfer.h">
      <Filter>include</Filter>
    </ClInclude>
    <ClInclude Include="include\KeyFrameDataTransfer.h">
      <Filter>include</Filter>
    </ClInclude>
    <ClInclude Include="include\GenerationProcessor.h">
      <Filter>include</Filter>
    </ClInclude>
    <ClInclude Include="include\KeyFrameBruteDataTransfer.h">
      <Filter>include</Filter>
    </ClInclude>
  </ItemGroup>
</Project>